
Microsoft Visual Studio Solution File, Format Version 12.00
# Visual Studio 15
VisualStudioVersion = 15.0.28307.1209
MinimumVisualStudioVersion = 10.0.40219.1
Project("{FAE04EC0-301F-11D3-BF4B-00C04F79EFBC}") = "PhishingAddin", "PhishingAddin\PhishingAddin.csproj", "{6F4D8661-50B0-4321-8CC4-69E3B59141A5}"
EndProject
Global
	GlobalSection(SolutionConfigurationPlatforms) = preSolution
		Debug|Any CPU = Debug|Any CPU
		Debug|x86 = Debug|x86
		Release|Any CPU = Release|Any CPU
		Release|x86 = Release|x86
	EndGlobalSection
	GlobalSection(ProjectConfigurationPlatforms) = postSolution
		{6F4D8661-50B0-4321-8CC4-69E3B59141A5}.Debug|Any CPU.ActiveCfg = Debug|Any CPU
		{6F4D8661-50B0-4321-8CC4-69E3B59141A5}.Debug|Any CPU.Build.0 = Debug|Any CPU
		{6F4D8661-50B0-4321-8CC4-69E3B59141A5}.Debug|x86.ActiveCfg = Debug|x86
		{6F4D8661-50B0-4321-8CC4-69E3B59141A5}.Debug|x86.Build.0 = Debug|x86
		{6F4D8661-50B0-4321-8CC4-69E3B59141A5}.Release|Any CPU.ActiveCfg = Release|Any CPU
		{6F4D8661-50B0-4321-8CC4-69E3B59141A5}.Release|Any CPU.Build.0 = Release|Any CPU
		{6F4D8661-50B0-4321-8CC4-69E3B59141A5}.Release|x86.ActiveCfg = Release|x86
		{6F4D8661-50B0-4321-8CC4-69E3B59141A5}.Release|x86.Build.0 = Release|x86
	EndGlobalSection
	GlobalSection(SolutionProperties) = preSolution
		HideSolutionNode = FALSE
	EndGlobalSection
	GlobalSection(ExtensibilityGlobals) = postSolution
		SolutionGuid = {B3404AC8-7210-4D23-8975-4F05613A7431}
	EndGlobalSection
EndGlobal
